{
    "_meta": {
        "hash": {
            "sha256": "a44c422d01d8e771f891668afe50f6961ed0260e18d95b12b7cde8305969e270"
        },
        "pipfile-spec": 6,
        "requires": {
            "python_version": "3.10"
        },
        "sources": [
            {
                "name": "pypi",
                "url": "https://pypi.org/simple",
                "verify_ssl": true
            }
        ]
    },
    "default": {
        "titlecase": {
            "hashes": [
                "sha256:269293cae4b1fc12fdb21224819201a2ab4b97f3ea36b334f90804799b140902"
            ],
            "index": "pypi",
            "version": "==2.4"
        }
    },
    "develop": {}
}
